
Microsoft Visual Studio Solution File, Format Version 12.00
# Visual Studio Version 17
VisualStudioVersion = 17.13.35931.197 d17.13
MinimumVisualStudioVersion = 10.0.40219.1
Project("{8BC9CEB8-8B4A-11D0-8D11-00A0C91BC942}") = "PruebaMenu", "PruebaMenu\PruebaMenu.vcxproj", "{BC8C5452-8571-4E8F-AC89-A4268D83FFCB}"
EndProject
Global
	GlobalSection(SolutionConfigurationPlatforms) = preSolution
		Debug|x64 = Debug|x64
		Debug|x86 = Debug|x86
		Release|x64 = Release|x64
		Release|x86 = Release|x86
	EndGlobalSection
	GlobalSection(ProjectConfigurationPlatforms) = postSolution
		{BC8C5452-8571-4E8F-AC89-A4268D83FFCB}.Debug|x64.ActiveCfg = Debug|x64
		{BC8C5452-8571-4E8F-AC89-A4268D83FFCB}.Debug|x64.Build.0 = Debug|x64
		{BC8C5452-8571-4E8F-AC89-A4268D83FFCB}.Debug|x86.ActiveCfg = Debug|Win32
		{BC8C5452-8571-4E8F-AC89-A4268D83FFCB}.Debug|x86.Build.0 = Debug|Win32
		{BC8C5452-8571-4E8F-AC89-A4268D83FFCB}.Release|x64.ActiveCfg = Release|x64
		{BC8C5452-8571-4E8F-AC89-A4268D83FFCB}.Release|x64.Build.0 = Release|x64
		{BC8C5452-8571-4E8F-AC89-A4268D83FFCB}.Release|x86.ActiveCfg = Release|Win32
		{BC8C5452-8571-4E8F-AC89-A4268D83FFCB}.Release|x86.Build.0 = Release|Win32
	EndGlobalSection
	GlobalSection(SolutionProperties) = preSolution
		HideSolutionNode = FALSE
	EndGlobalSection
	GlobalSection(ExtensibilityGlobals) = postSolution
		SolutionGuid = {3A5AA43F-E47E-4119-8A6F-51496D753D7D}
	EndGlobalSection
EndGlobal
